
Microsoft Visual Studio Solution File, Format Version 12.00
# Visual Studio Version 17
VisualStudioVersion = 17.6.33829.357
MinimumVisualStudioVersion = 10.0.40219.1
Project("{FAE04EC0-301F-11D3-BF4B-00C04F79EFBC}") = "ConsoleApp1", "ConsoleApp1\ConsoleApp1.csproj", "{8880ECD3-FDFC-4400-9CE8-FB51E770ABB6}"
EndProject
Project("{FAE04EC0-301F-11D3-BF4B-00C04F79EFBC}") = "WpfApp1", "WpfApp1\WpfApp1.csproj", "{CFF0A964-70A6-4C4A-A825-4A5B570BFEFF}"
EndProject
Global
	GlobalSection(SolutionConfigurationPlatforms) = preSolution
		Debug|Any CPU = Debug|Any CPU
		Release|Any CPU = Release|Any CPU
	EndGlobalSection
	GlobalSection(ProjectConfigurationPlatforms) = postSolution
		{8880ECD3-FDFC-4400-9CE8-FB51E770ABB6}.Debug|Any CPU.ActiveCfg = Debug|Any CPU
		{8880ECD3-FDFC-4400-9CE8-FB51E770ABB6}.Debug|Any CPU.Build.0 = Debug|Any CPU
		{8880ECD3-FDFC-4400-9CE8-FB51E770ABB6}.Release|Any CPU.ActiveCfg = Release|Any CPU
		{8880ECD3-FDFC-4400-9CE8-FB51E770ABB6}.Release|Any CPU.Build.0 = Release|Any CPU
		{CFF0A964-70A6-4C4A-A825-4A5B570BFEFF}.Debug|Any CPU.ActiveCfg = Debug|Any CPU
		{CFF0A964-70A6-4C4A-A825-4A5B570BFEFF}.Debug|Any CPU.Build.0 = Debug|Any CPU
		{CFF0A964-70A6-4C4A-A825-4A5B570BFEFF}.Release|Any CPU.ActiveCfg = Release|Any CPU
		{CFF0A964-70A6-4C4A-A825-4A5B570BFEFF}.Release|Any CPU.Build.0 = Release|Any CPU
	EndGlobalSection
	GlobalSection(SolutionProperties) = preSolution
		HideSolutionNode = FALSE
	EndGlobalSection
	GlobalSection(ExtensibilityGlobals) = postSolution
		SolutionGuid = {C76F8189-6B60-4CD0-92F0-B21FB466BF2E}
	EndGlobalSection
EndGlobal
